
Microsoft Visual Studio Solution File, Format Version 12.00
# Visual Studio 15
VisualStudioVersion = 15.0.27703.2042
MinimumVisualStudioVersion = 10.0.40219.1
Project("{FAE04EC0-301F-11D3-BF4B-00C04F79EFBC}") = "RealTimeSignalR", "RealTimeSignalR\RealTimeSignalR.csproj", "{098D4833-6D50-486F-AB33-2B5B7EFCDD42}"
EndProject
Global
	GlobalSection(SolutionConfigurationPlatforms) = preSolution
		Debug|Any CPU = Debug|Any CPU
		Release|Any CPU = Release|Any CPU
	EndGlobalSection
	GlobalSection(ProjectConfigurationPlatforms) = postSolution
		{098D4833-6D50-486F-AB33-2B5B7EFCDD42}.Debug|Any CPU.ActiveCfg = Debug|Any CPU
		{098D4833-6D50-486F-AB33-2B5B7EFCDD42}.Debug|Any CPU.Build.0 = Debug|Any CPU
		{098D4833-6D50-486F-AB33-2B5B7EFCDD42}.Release|Any CPU.ActiveCfg = Release|Any CPU
		{098D4833-6D50-486F-AB33-2B5B7EFCDD42}.Release|Any CPU.Build.0 = Release|Any CPU
	EndGlobalSection
	GlobalSection(SolutionProperties) = preSolution
		HideSolutionNode = FALSE
	EndGlobalSection
	GlobalSection(ExtensibilityGlobals) = postSolution
		SolutionGuid = {35B80106-30E7-4490-8D91-4D15E81BBDED}
	EndGlobalSection
EndGlobal
