
Microsoft Visual Studio Solution File, Format Version 12.00
# Visual Studio 15
VisualStudioVersion = 15.0.27428.2027
MinimumVisualStudioVersion = 10.0.40219.1
Project("{9A19103F-16F7-4668-BE54-9A1E7A4F7556}") = "Cuadrantes", "Cuadrantes\Cuadrantes.csproj", "{3E99BAE5-9852-4FEA-B786-D08E69BD538D}"
EndProject
Global
	GlobalSection(SolutionConfigurationPlatforms) = preSolution
		Debug|Any CPU = Debug|Any CPU
		Release|Any CPU = Release|Any CPU
	EndGlobalSection
	GlobalSection(ProjectConfigurationPlatforms) = postSolution
		{3E99BAE5-9852-4FEA-B786-D08E69BD538D}.Debug|Any CPU.ActiveCfg = Debug|Any CPU
		{3E99BAE5-9852-4FEA-B786-D08E69BD538D}.Debug|Any CPU.Build.0 = Debug|Any CPU
		{3E99BAE5-9852-4FEA-B786-D08E69BD538D}.Release|Any CPU.ActiveCfg = Release|Any CPU
		{3E99BAE5-9852-4FEA-B786-D08E69BD538D}.Release|Any CPU.Build.0 = Release|Any CPU
	EndGlobalSection
	GlobalSection(SolutionProperties) = preSolution
		HideSolutionNode = FALSE
	EndGlobalSection
	GlobalSection(ExtensibilityGlobals) = postSolution
		SolutionGuid = {831FA517-F178-4228-A765-B60B2E37456A}
	EndGlobalSection
EndGlobal
