
Microsoft Visual Studio Solution File, Format Version 12.00
# Visual Studio 15
VisualStudioVersion = 15.0.27428.2027
MinimumVisualStudioVersion = 10.0.40219.1
Project("{FAE04EC0-301F-11D3-BF4B-00C04F79EFBC}") = "ServiceStackDemos.ORM", "ServiceStackDemos.ORM\ServiceStackDemos.ORM.csproj", "{4EBA5445-2E2A-4BFB-89DE-3F05B34E5C1A}"
EndProject
Global
	GlobalSection(SolutionConfigurationPlatforms) = preSolution
		Debug|Any CPU = Debug|Any CPU
		Release|Any CPU = Release|Any CPU
	EndGlobalSection
	GlobalSection(ProjectConfigurationPlatforms) = postSolution
		{4EBA5445-2E2A-4BFB-89DE-3F05B34E5C1A}.Debug|Any CPU.ActiveCfg = Debug|Any CPU
		{4EBA5445-2E2A-4BFB-89DE-3F05B34E5C1A}.Debug|Any CPU.Build.0 = Debug|Any CPU
		{4EBA5445-2E2A-4BFB-89DE-3F05B34E5C1A}.Release|Any CPU.ActiveCfg = Release|Any CPU
		{4EBA5445-2E2A-4BFB-89DE-3F05B34E5C1A}.Release|Any CPU.Build.0 = Release|Any CPU
	EndGlobalSection
	GlobalSection(SolutionProperties) = preSolution
		HideSolutionNode = FALSE
	EndGlobalSection
	GlobalSection(ExtensibilityGlobals) = postSolution
		SolutionGuid = {02A2A363-A870-4DA5-93DE-370A177CCB84}
	EndGlobalSection
EndGlobal
