
Microsoft Visual Studio Solution File, Format Version 12.00
# Visual Studio 15
VisualStudioVersion = 15.0.27703.2042
MinimumVisualStudioVersion = 10.0.40219.1
Project("{9A19103F-16F7-4668-BE54-9A1E7A4F7556}") = "ServiceStack.Demos", "ServiceStack.Demos\ServiceStack.Demos.csproj", "{B94BC9B8-1E0A-46C5-B20C-FC9FE6E64CA2}"
EndProject
Project("{FAE04EC0-301F-11D3-BF4B-00C04F79EFBC}") = "ServiceStack.Demos.Redis", "ServiceStack.Demos.Redis\ServiceStack.Demos.Redis.csproj", "{06847E3B-E3AA-4E2F-B626-7C54B8F71CD2}"
EndProject
Global
	GlobalSection(SolutionConfigurationPlatforms) = preSolution
		Debug|Any CPU = Debug|Any CPU
		Release|Any CPU = Release|Any CPU
	EndGlobalSection
	GlobalSection(ProjectConfigurationPlatforms) = postSolution
		{B94BC9B8-1E0A-46C5-B20C-FC9FE6E64CA2}.Debug|Any CPU.ActiveCfg = Debug|Any CPU
		{B94BC9B8-1E0A-46C5-B20C-FC9FE6E64CA2}.Debug|Any CPU.Build.0 = Debug|Any CPU
		{B94BC9B8-1E0A-46C5-B20C-FC9FE6E64CA2}.Release|Any CPU.ActiveCfg = Release|Any CPU
		{B94BC9B8-1E0A-46C5-B20C-FC9FE6E64CA2}.Release|Any CPU.Build.0 = Release|Any CPU
		{06847E3B-E3AA-4E2F-B626-7C54B8F71CD2}.Debug|Any CPU.ActiveCfg = Debug|Any CPU
		{06847E3B-E3AA-4E2F-B626-7C54B8F71CD2}.Debug|Any CPU.Build.0 = Debug|Any CPU
		{06847E3B-E3AA-4E2F-B626-7C54B8F71CD2}.Release|Any CPU.ActiveCfg = Release|Any CPU
		{06847E3B-E3AA-4E2F-B626-7C54B8F71CD2}.Release|Any CPU.Build.0 = Release|Any CPU
	EndGlobalSection
	GlobalSection(SolutionProperties) = preSolution
		HideSolutionNode = FALSE
	EndGlobalSection
	GlobalSection(ExtensibilityGlobals) = postSolution
		SolutionGuid = {EA3E6F4A-D817-4527-8C43-06BAA882426F}
	EndGlobalSection
EndGlobal
